dependencies:
- name: grafana-agent-operator
  repository: https://grafana.github.io/helm-charts
  version: 0.2.8
- name: kube-state-metrics
  repository: https://prometheus-community.github.io/helm-charts
  version: 4.28.0
digest: sha256:f58c57da3cbf32830970ba2da8c83275980d6170e99273a77543aa0401bd94eb
generated: "2023-01-14T02:09:43.485706+02:00"
