dependencies:
- name: grafana-agent-operator
  repository: https://grafana.github.io/helm-charts
  version: 0.2.8
- name: prometheus-node-exporter
  repository: https://prometheus-community.github.io/helm-charts
  version: 4.12.0
digest: sha256:ffbdb1af28d37e0026fe6e283019b0f47f5585fa604e85cc6a9875f8f7f384de
generated: "2023-01-13T23:57:52.15423+02:00"
